
Microsoft Visual Studio Solution File, Format Version 12.00
# Visual Studio Version 17
VisualStudioVersion = 17.1.32319.34
MinimumVisualStudioVersion = 10.0.40219.1
Project("{FAE04EC0-301F-11D3-BF4B-00C04F79EFBC}") = "cafe system", "cafe system\cafe system.csproj", "{4EA6B667-1407-496A-9B77-18234F84D4CB}"
EndProject
Global
	GlobalSection(SolutionConfigurationPlatforms) = preSolution
		Debug|Any CPU = Debug|Any CPU
		Release|Any CPU = Release|Any CPU
	EndGlobalSection
	GlobalSection(ProjectConfigurationPlatforms) = postSolution
		{4EA6B667-1407-496A-9B77-18234F84D4CB}.Debug|Any CPU.ActiveCfg = Debug|Any CPU
		{4EA6B667-1407-496A-9B77-18234F84D4CB}.Debug|Any CPU.Build.0 = Debug|Any CPU
		{4EA6B667-1407-496A-9B77-18234F84D4CB}.Release|Any CPU.ActiveCfg = Release|Any CPU
		{4EA6B667-1407-496A-9B77-18234F84D4CB}.Release|Any CPU.Build.0 = Release|Any CPU
	EndGlobalSection
	GlobalSection(SolutionProperties) = preSolution
		HideSolutionNode = FALSE
	EndGlobalSection
	GlobalSection(ExtensibilityGlobals) = postSolution
		SolutionGuid = {4A3A079E-30AA-4812-BB0E-1FFBFE24FEA7}
	EndGlobalSection
EndGlobal
